// !$*UTF8*$!
{
	archiveVersion = 1;
	classes = {
	};
	objectVersion = 56;
	objects = {

/* Begin PBXBuildFile section */
		9243BB2F2B067DD100961F89 /* PawinBalanceV2App.swift in Sources */ = {isa = PBXBuildFile; fileRef = 9243BB2E2B067DD100961F89 /* PawinBalanceV2App.swift */; };
		9243BB312B067DD100961F89 /* ContentView.swift in Sources */ = {isa = PBXBuildFile; fileRef = 9243BB302B067DD100961F89 /* ContentView.swift */; };
		9243BB332B067DD100961F89 /* Item.swift in Sources */ = {isa = PBXBuildFile; fileRef = 9243BB322B067DD100961F89 /* Item.swift */; };
		9243BB352B067DD200961F89 /* Assets.xcassets in Resources */ = {isa = PBXBuildFile; fileRef = 9243BB342B067DD200961F89 /* Assets.xcassets */; };
		9243BB382B067DD200961F89 /* Preview Assets.xcassets in Resources */ = {isa = PBXBuildFile; fileRef = 9243BB372B067DD200961F89 /* Preview Assets.xcassets */; };
		9243BB422B067DD200961F89 /* PawinBalanceV2Tests.swift in Sources */ = {isa = PBXBuildFile; fileRef = 9243BB412B067DD200961F89 /* PawinBalanceV2Tests.swift */; };
		9243BB4C2B067DD200961F89 /* PawinBalanceV2UITests.swift in Sources */ = {isa = PBXBuildFile; fileRef = 9243BB4B2B067DD200961F89 /* PawinBalanceV2UITests.swift */; };
		9243BB4E2B067DD200961F89 /* PawinBalanceV2UITestsLaunchTests.swift in Sources */ = {isa = PBXBuildFile; fileRef = 9243BB4D2B067DD200961F89 /* PawinBalanceV2UITestsLaunchTests.swift */; };
/* End PBXBuildFile section */

/* Begin PBXContainerItemProxy section */
		9243BB3E2B067DD200961F89 /* PBXContainerItemProxy */ = {
			isa = PBXContainerItemProxy;
			containerPortal = 9243BB232B067DD100961F89 /* Project object */;
			proxyType = 1;
			remoteGlobalIDString = 9243BB2A2B067DD100961F89;
			remoteInfo = PawinBalanceV2;
		};
		9243BB482B067DD200961F89 /* PBXContainerItemProxy */ = {
			isa = PBXContainerItemProxy;
			containerPortal = 9243BB232B067DD100961F89 /* Project object */;
			proxyType = 1;
			remoteGlobalIDString = 9243BB2A2B067DD100961F89;
			remoteInfo = PawinBalanceV2;
		};
/* End PBXContainerItemProxy section */

/* Begin PBXFileReference section */
		9243BB2B2B067DD100961F89 /* PawinBalanceV2.app */ = {isa = PBXFileReference; explicitFileType = wrapper.application; includeInIndex = 0; path = PawinBalanceV2.app; sourceTree = BUILT_PRODUCTS_DIR; };
		9243BB2E2B067DD100961F89 /* PawinBalanceV2App.swift */ = {isa = PBXFileReference; lastKnownFileType = sourcecode.swift; path = PawinBalanceV2App.swift; sourceTree = "<group>"; };
		9243BB302B067DD100961F89 /* ContentView.swift */ = {isa = PBXFileReference; lastKnownFileType = sourcecode.swift; path = ContentView.swift; sourceTree = "<group>"; };
		9243BB322B067DD100961F89 /* Item.swift */ = {isa = PBXFileReference; lastKnownFileType = sourcecode.swift; path = Item.swift; sourceTree = "<group>"; };
		9243BB342B067DD200961F89 /* Assets.xcassets */ = {isa = PBXFileReference; lastKnownFileType = folder.assetcatalog; path = Assets.xcassets; sourceTree = "<group>"; };
		9243BB372B067DD200961F89 /* Preview Assets.xcassets */ = {isa = PBXFileReference; lastKnownFileType = folder.assetcatalog; path = "Preview Assets.xcassets"; sourceTree = "<group>"; };
		9243BB3D2B067DD200961F89 /* PawinBalanceV2Tests.xctest */ = {isa = PBXFileReference; explicitFileType = wrapper.cfbundle; includeInIndex = 0; path = PawinBalanceV2Tests.xctest; sourceTree = BUILT_PRODUCTS_DIR; };
		9243BB412B067DD200961F89 /* PawinBalanceV2Tests.swift */ = {isa = PBXFileReference; lastKnownFileType = sourcecode.swift; path = PawinBalanceV2Tests.swift; sourceTree = "<group>"; };
		9243BB472B067DD200961F89 /* PawinBalanceV2UITests.xctest */ = {isa = PBXFileReference; explicitFileType = wrapper.cfbundle; includeInIndex = 0; path = PawinBalanceV2UITests.xctest; sourceTree = BUILT_PRODUCTS_DIR; };
		9243BB4B2B067DD200961F89 /* PawinBalanceV2UITests.swift */ = {isa = PBXFileReference; lastKnownFileType = sourcecode.swift; path = PawinBalanceV2UITests.swift; sourceTree = "<group>"; };
		9243BB4D2B067DD200961F89 /* PawinBalanceV2UITestsLaunchTests.swift */ = {isa = PBXFileReference; lastKnownFileType = sourcecode.swift; path = PawinBalanceV2UITestsLaunchTests.swift; sourceTree = "<group>"; };
/* End PBXFileReference section */

/* Begin PBXFrameworksBuildPhase section */
		9243BB282B067DD100961F89 /* Frameworks */ = {
			isa = PBXFrameworksBuildPhase;
			buildActionMask = 2147483647;
			files = (
			);
			runOnlyForDeploymentPostprocessing = 0;
		};
		9243BB3A2B067DD200961F89 /* Frameworks */ = {
			isa = PBXFrameworksBuildPhase;
			buildActionMask = 2147483647;
			files = (
			);
			runOnlyForDeploymentPostprocessing = 0;
		};
		9243BB442B067DD200961F89 /* Frameworks */ = {
			isa = PBXFrameworksBuildPhase;
			buildActionMask = 2147483647;
			files = (
			);
			runOnlyForDeploymentPostprocessing = 0;
		};
/* End PBXFrameworksBuildPhase section */

/* Begin PBXGroup section */
		9243BB222B067DD100961F89 = {
			isa = PBXGroup;
			children = (
				9243BB2D2B067DD100961F89 /* PawinBalanceV2 */,
				9243BB402B067DD200961F89 /* PawinBalanceV2Tests */,
				9243BB4A2B067DD200961F89 /* PawinBalanceV2UITests */,
				9243BB2C2B067DD100961F89 /* Products */,
			);
			sourceTree = "<group>";
		};
		9243BB2C2B067DD100961F89 /* Products */ = {
			isa = PBXGroup;
			children = (
				9243BB2B2B067DD100961F89 /* PawinBalanceV2.app */,
				9243BB3D2B067DD200961F89 /* PawinBalanceV2Tests.xctest */,
				9243BB472B067DD200961F89 /* PawinBalanceV2UITests.xctest */,
			);
			name = Products;
			sourceTree = "<group>";
		};
		9243BB2D2B067DD100961F89 /* PawinBalanceV2 */ = {
			isa = PBXGroup;
			children = (
				9243BB2E2B067DD100961F89 /* PawinBalanceV2App.swift */,
				9243BB302B067DD100961F89 /* ContentView.swift */,
				9243BB322B067DD100961F89 /* Item.swift */,
				9243BB342B067DD200961F89 /* Assets.xcassets */,
				9243BB362B067DD200961F89 /* Preview Content */,
			);
			path = PawinBalanceV2;
			sourceTree = "<group>";
		};
		9243BB362B067DD200961F89 /* Preview Content */ = {
			isa = PBXGroup;
			children = (
				9243BB372B067DD200961F89 /* Preview Assets.xcassets */,
			);
			path = "Preview Content";
			sourceTree = "<group>";
		};
		9243BB402B067DD200961F89 /* PawinBalanceV2Tests */ = {
			isa = PBXGroup;
			children = (
				9243BB412B067DD200961F89 /* PawinBalanceV2Tests.swift */,
			);
			path = PawinBalanceV2Tests;
			sourceTree = "<group>";
		};
		9243BB4A2B067DD200961F89 /* PawinBalanceV2UITests */ = {
			isa = PBXGroup;
			children = (
				9243BB4B2B067DD200961F89 /* PawinBalanceV2UITests.swift */,
				9243BB4D2B067DD200961F89 /* PawinBalanceV2UITestsLaunchTests.swift */,
			);
			path = PawinBalanceV2UITests;
			sourceTree = "<group>";
		};
/* End PBXGroup section */

/* Begin PBXNativeTarget section */
		9243BB2A2B067DD100961F89 /* PawinBalanceV2 */ = {
			isa = PBXNativeTarget;
			buildConfigurationList = 9243BB512B067DD200961F89 /* Build configuration list for PBXNativeTarget "PawinBalanceV2" */;
			buildPhases = (
				9243BB272B067DD100961F89 /* Sources */,
				9243BB282B067DD100961F89 /* Frameworks */,
				9243BB292B067DD100961F89 /* Resources */,
			);
			buildRules = (
			);
			dependencies = (
			);
			name = PawinBalanceV2;
			productName = PawinBalanceV2;
			productReference = 9243BB2B2B067DD100961F89 /* PawinBalanceV2.app */;
			productType = "com.apple.product-type.application";
		};
		9243BB3C2B067DD200961F89 /* PawinBalanceV2Tests */ = {
			isa = PBXNativeTarget;
			buildConfigurationList = 9243BB542B067DD200961F89 /* Build configuration list for PBXNativeTarget "PawinBalanceV2Tests" */;
			buildPhases = (
				9243BB392B067DD200961F89 /* Sources */,
				9243BB3A2B067DD200961F89 /* Frameworks */,
				9243BB3B2B067DD200961F89 /* Resources */,
			);
			buildRules = (
			);
			dependencies = (
				9243BB3F2B067DD200961F89 /* PBXTargetDependency */,
			);
			name = PawinBalanceV2Tests;
			productName = PawinBalanceV2Tests;
			productReference = 9243BB3D2B067DD200961F89 /* PawinBalanceV2Tests.xctest */;
			productType = "com.apple.product-type.bundle.unit-test";
		};
		9243BB462B067DD200961F89 /* PawinBalanceV2UITests */ = {
			isa = PBXNativeTarget;
			buildConfigurationList = 9243BB572B067DD200961F89 /* Build configuration list for PBXNativeTarget "PawinBalanceV2UITests" */;
			buildPhases = (
				9243BB432B067DD200961F89 /* Sources */,
				9243BB442B067DD200961F89 /* Frameworks */,
				9243BB452B067DD200961F89 /* Resources */,
			);
			buildRules = (
			);
			dependencies = (
				9243BB492B067DD200961F89 /* PBXTargetDependency */,
			);
			name = PawinBalanceV2UITests;
			productName = PawinBalanceV2UITests;
			productReference = 9243BB472B067DD200961F89 /* PawinBalanceV2UITests.xctest */;
			productType = "com.apple.product-type.bundle.ui-testing";
		};
/* End PBXNativeTarget section */

/* Begin PBXProject section */
		9243BB232B067DD100961F89 /* Project object */ = {
			isa = PBXProject;
			attributes = {
				BuildIndependentTargetsInParallel = 1;
				LastSwiftUpdateCheck = 1500;
				LastUpgradeCheck = 1500;
				TargetAttributes = {
					9243BB2A2B067DD100961F89 = {
						CreatedOnToolsVersion = 15.0.1;
					};
					9243BB3C2B067DD200961F89 = {
						CreatedOnToolsVersion = 15.0.1;
						TestTargetID = 9243BB2A2B067DD100961F89;
					};
					9243BB462B067DD200961F89 = {
						CreatedOnToolsVersion = 15.0.1;
						TestTargetID = 9243BB2A2B067DD100961F89;
					};
				};
			};
			buildConfigurationList = 9243BB262B067DD100961F89 /* Build configuration list for PBXProject "PawinBalanceV2" */;
			compatibilityVersion = "Xcode 14.0";
			developmentRegion = en;
			hasScannedForEncodings = 0;
			knownRegions = (
				en,
				Base,
			);
			mainGroup = 9243BB222B067DD100961F89;
			productRefGroup = 9243BB2C2B067DD100961F89 /* Products */;
			projectDirPath = "";
			projectRoot = "";
			targets = (
				9243BB2A2B067DD100961F89 /* PawinBalanceV2 */,
				9243BB3C2B067DD200961F89 /* PawinBalanceV2Tests */,
				9243BB462B067DD200961F89 /* PawinBalanceV2UITests */,
			);
		};
/* End PBXProject section */

/* Begin PBXResourcesBuildPhase section */
		9243BB292B067DD100961F89 /* Resources */ = {
			isa = PBXResourcesBuildPhase;
			buildActionMask = 2147483647;
			files = (
				9243BB382B067DD200961F89 /* Preview Assets.xcassets in Resources */,
				9243BB352B067DD200961F89 /* Assets.xcassets in Resources */,
			);
			runOnlyForDeploymentPostprocessing = 0;
		};
		9243BB3B2B067DD200961F89 /* Resources */ = {
			isa = PBXResourcesBuildPhase;
			buildActionMask = 2147483647;
			files = (
			);
			runOnlyForDeploymentPostprocessing = 0;
		};
		9243BB452B067DD200961F89 /* Resources */ = {
			isa = PBXResourcesBuildPhase;
			buildActionMask = 2147483647;
			files = (
			);
			runOnlyForDeploymentPostprocessing = 0;
		};
/* End PBXResourcesBuildPhase section */

/* Begin PBXSourcesBuildPhase section */
		9243BB272B067DD100961F89 /* Sources */ = {
			isa = PBXSourcesBuildPhase;
			buildActionMask = 2147483647;
			files = (
				9243BB312B067DD100961F89 /* ContentView.swift in Sources */,
				9243BB332B067DD100961F89 /* Item.swift in Sources */,
				9243BB2F2B067DD100961F89 /* PawinBalanceV2App.swift in Sources */,
			);
			runOnlyForDeploymentPostprocessing = 0;
		};
		9243BB392B067DD200961F89 /* Sources */ = {
			isa = PBXSourcesBuildPhase;
			buildActionMask = 2147483647;
			files = (
				9243BB422B067DD200961F89 /* PawinBalanceV2Tests.swift in Sources */,
			);
			runOnlyForDeploymentPostprocessing = 0;
		};
		9243BB432B067DD200961F89 /* Sources */ = {
			isa = PBXSourcesBuildPhase;
			buildActionMask = 2147483647;
			files = (
				9243BB4C2B067DD200961F89 /* PawinBalanceV2UITests.swift in Sources */,
				9243BB4E2B067DD200961F89 /* PawinBalanceV2UITestsLaunchTests.swift in Sources */,
			);
			runOnlyForDeploymentPostprocessing = 0;
		};
/* End PBXSourcesBuildPhase section */

/* Begin PBXTargetDependency section */
		9243BB3F2B067DD200961F89 /* PBXTargetDependency */ = {
			isa = PBXTargetDependency;
			target = 9243BB2A2B067DD100961F89 /* PawinBalanceV2 */;
			targetProxy = 9243BB3E2B067DD200961F89 /* PBXContainerItemProxy */;
		};
		9243BB492B067DD200961F89 /* PBXTargetDependency */ = {
			isa = PBXTargetDependency;
			target = 9243BB2A2B067DD100961F89 /* PawinBalanceV2 */;
			targetProxy = 9243BB482B067DD200961F89 /* PBXContainerItemProxy */;
		};
/* End PBXTargetDependency section */

/* Begin XCBuildConfiguration section */
		9243BB4F2B067DD200961F89 /* Debug */ = {
			isa = XCBuildConfiguration;
			buildSettings = {
				ALWAYS_SEARCH_USER_PATHS = NO;
				ASSETCATALOG_COMPILER_GENERATE_SWIFT_ASSET_SYMBOL_EXTENSIONS = YES;
				CLANG_ANALYZER_NONNULL = YES;
				CLANG_ANALYZER_NUMBER_OBJECT_CONVERSION = YES_AGGRESSIVE;
				CLANG_CXX_LANGUAGE_STANDARD = "gnu++20";
				CLANG_ENABLE_MODULES = YES;
				CLANG_ENABLE_OBJC_ARC = YES;
				CLANG_ENABLE_OBJC_WEAK = YES;
				CLANG_WARN_BLOCK_CAPTURE_AUTORELEASING = YES;
				CLANG_WARN_BOOL_CONVERSION = YES;
				CLANG_WARN_COMMA = YES;
				CLANG_WARN_CONSTANT_CONVERSION = YES;
				CLANG_WARN_DEPRECATED_OBJC_IMPLEMENTATIONS = YES;
				CLANG_WARN_DIRECT_OBJC_ISA_USAGE = YES_ERROR;
				CLANG_WARN_DOCUMENTATION_COMMENTS = YES;
				CLANG_WARN_EMPTY_BODY = YES;
				CLANG_WARN_ENUM_CONVERSION = YES;
				CLANG_WARN_INFINITE_RECURSION = YES;
				CLANG_WARN_INT_CONVERSION = YES;
				CLANG_WARN_NON_LITERAL_NULL_CONVERSION = YES;
				CLANG_WARN_OBJC_IMPLICIT_RETAIN_SELF = YES;
				CLANG_WARN_OBJC_LITERAL_CONVERSION = YES;
				CLANG_WARN_OBJC_ROOT_CLASS = YES_ERROR;
				CLANG_WARN_QUOTED_INCLUDE_IN_FRAMEWORK_HEADER = YES;
				CLANG_WARN_RANGE_LOOP_ANALYSIS = YES;
				CLANG_WARN_STRICT_PROTOTYPES = YES;
				CLANG_WARN_SUSPICIOUS_MOVE = YES;
				CLANG_WARN_UNGUARDED_AVAILABILITY = YES_AGGRESSIVE;
				CLANG_WARN_UNREACHABLE_CODE = YES;
				CLANG_WARN__DUPLICATE_METHOD_MATCH = YES;
				COPY_PHASE_STRIP = NO;
				DEBUG_INFORMATION_FORMAT = dwarf;
				ENABLE_STRICT_OBJC_MSGSEND = YES;
				ENABLE_TESTABILITY = YES;
				ENABLE_USER_SCRIPT_SANDBOXING = YES;
				GCC_C_LANGUAGE_STANDARD = gnu17;
				GCC_DYNAMIC_NO_PIC = NO;
				GCC_NO_COMMON_BLOCKS = YES;
				GCC_OPTIMIZATION_LEVEL = 0;
				GCC_PREPROCESSOR_DEFINITIONS = (
					"DEBUG=1",
					"$(inherited)",
				);
				GCC_WARN_64_TO_32_BIT_CONVERSION = YES;
				GCC_WARN_ABOUT_RETURN_TYPE = YES_ERROR;
				GCC_WARN_UNDECLARED_SELECTOR = YES;
				GCC_WARN_UNINITIALIZED_AUTOS = YES_AGGRESSIVE;
				GCC_WARN_UNUSED_FUNCTION = YES;
				GCC_WARN_UNUSED_VARIABLE = YES;
				IPHONEOS_DEPLOYMENT_TARGET = 17.0;
				LOCALIZATION_PREFERS_STRING_CATALOGS = YES;
				MTL_ENABLE_DEBUG_INFO = INCLUDE_SOURCE;
				MTL_FAST_MATH = YES;
				ONLY_ACTIVE_ARCH = YES;
				SDKROOT = iphoneos;
				SWIFT_ACTIVE_COMPILATION_CONDITIONS = "DEBUG $(inherited)";
				SWIFT_OPTIMIZATION_LEVEL = "-Onone";
			};
			name = Debug;
		};
		9243BB502B067DD200961F89 /* Release */ = {
			isa = XCBuildConfiguration;
			buildSettings = {
				ALWAYS_SEARCH_USER_PATHS = NO;
				ASSETCATALOG_COMPILER_GENERATE_SWIFT_ASSET_SYMBOL_EXTENSIONS = YES;
				CLANG_ANALYZER_NONNULL = YES;
				CLANG_ANALYZER_NUMBER_OBJECT_CONVERSION = YES_AGGRESSIVE;
				CLANG_CXX_LANGUAGE_STANDARD = "gnu++20";
				CLANG_ENABLE_MODULES = YES;
				CLANG_ENABLE_OBJC_ARC = YES;
				CLANG_ENABLE_OBJC_WEAK = YES;
				CLANG_WARN_BLOCK_CAPTURE_AUTORELEASING = YES;
				CLANG_WARN_BOOL_CONVERSION = YES;
				CLANG_WARN_COMMA = YES;
				CLANG_WARN_CONSTANT_CONVERSION = YES;
				CLANG_WARN_DEPRECATED_OBJC_IMPLEMENTATIONS = YES;
				CLANG_WARN_DIRECT_OBJC_ISA_USAGE = YES_ERROR;
				CLANG_WARN_DOCUMENTATION_COMMENTS = YES;
				CLANG_WARN_EMPTY_BODY = YES;
				CLANG_WARN_ENUM_CONVERSION = YES;
				CLANG_WARN_INFINITE_RECURSION = YES;
				CLANG_WARN_INT_CONVERSION = YES;
				CLANG_WARN_NON_LITERAL_NULL_CONVERSION = YES;
				CLANG_WARN_OBJC_IMPLICIT_RETAIN_SELF = YES;
				CLANG_WARN_OBJC_LITERAL_CONVERSION = YES;
				CLANG_WARN_OBJC_ROOT_CLASS = YES_ERROR;
				CLANG_WARN_QUOTED_INCLUDE_IN_FRAMEWORK_HEADER = YES;
				CLANG_WARN_RANGE_LOOP_ANALYSIS = YES;
				CLANG_WARN_STRICT_PROTOTYPES = YES;
				CLANG_WARN_SUSPICIOUS_MOVE = YES;
				CLANG_WARN_UNGUARDED_AVAILABILITY = YES_AGGRESSIVE;
				CLANG_WARN_UNREACHABLE_CODE = YES;
				CLANG_WARN__DUPLICATE_METHOD_MATCH = YES;
				COPY_PHASE_STRIP = NO;
				DEBUG_INFORMATION_FORMAT = "dwarf-with-dsym";
				ENABLE_NS_ASSERTIONS = NO;
				ENABLE_STRICT_OBJC_MSGSEND = YES;
				ENABLE_USER_SCRIPT_SANDBOXING = YES;
				GCC_C_LANGUAGE_STANDARD = gnu17;
				GCC_NO_COMMON_BLOCKS = YES;
				GCC_WARN_64_TO_32_BIT_CONVERSION = YES;
				GCC_WARN_ABOUT_RETURN_TYPE = YES_ERROR;
				GCC_WARN_UNDECLARED_SELECTOR = YES;
				GCC_WARN_UNINITIALIZED_AUTOS = YES_AGGRESSIVE;
				GCC_WARN_UNUSED_FUNCTION = YES;
				GCC_WARN_UNUSED_VARIABLE = YES;
				IPHONEOS_DEPLOYMENT_TARGET = 17.0;
				LOCALIZATION_PREFERS_STRING_CATALOGS = YES;
				MTL_ENABLE_DEBUG_INFO = NO;
				MTL_FAST_MATH = YES;
				SDKROOT = iphoneos;
				SWIFT_COMPILATION_MODE = wholemodule;
				VALIDATE_PRODUCT = YES;
			};
			name = Release;
		};
		9243BB522B067DD200961F89 /* Debug */ = {
			isa = XCBuildConfiguration;
			buildSettings = {
				ASSETCATALOG_COMPILER_APPICON_NAME = AppIcon;
				ASSETCATALOG_COMPILER_GLOBAL_ACCENT_COLOR_NAME = AccentColor;
				CODE_SIGN_STYLE = Automatic;
				CURRENT_PROJECT_VERSION = 1;
				DEVELOPMENT_ASSET_PATHS = "\"PawinBalanceV2/Preview Content\"";
				DEVELOPMENT_TEAM = 2KK23FK97D;
				ENABLE_PREVIEWS = YES;
				GENERATE_INFOPLIST_FILE = YES;
				INFOPLIST_KEY_UIApplicationSceneManifest_Generation = YES;
				INFOPLIST_KEY_UIApplicationSupportsIndirectInputEvents = YES;
				INFOPLIST_KEY_UILaunchScreen_Generation = YES;
				INFOPLIST_KEY_UISupportedInterfaceOrientations_iPad = "UIInterfaceOrientationPortrait UIInterfaceOrientationPortraitUpsideDown UIInterfaceOrientationLandscapeLeft UIInterfaceOrientationLandscapeRight";
				INFOPLIST_KEY_UISupportedInterfaceOrientations_iPhone = "UIInterfaceOrientationPortrait UIInterfaceOrientationLandscapeLeft UIInterfaceOrientationLandscapeRight";
				LD_RUNPATH_SEARCH_PATHS = (
					"$(inherited)",
					"@executable_path/Frameworks",
				);
				MARKETING_VERSION = 1.0;
				PRODUCT_BUNDLE_IDENTIFIER = CS3203.PawinBalanceV2;
				PRODUCT_NAME = "$(TARGET_NAME)";
				SWIFT_EMIT_LOC_STRINGS = YES;
				SWIFT_VERSION = 5.0;
				TARGETED_DEVICE_FAMILY = "1,2";
			};
			name = Debug;
		};
		9243BB532B067DD200961F89 /* Release */ = {
			isa = XCBuildConfiguration;
			buildSettings = {
				ASSETCATALOG_COMPILER_APPICON_NAME = AppIcon;
				ASSETCATALOG_COMPILER_GLOBAL_ACCENT_COLOR_NAME = AccentColor;
				CODE_SIGN_STYLE = Automatic;
				CURRENT_PROJECT_VERSION = 1;
				DEVELOPMENT_ASSET_PATHS = "\"PawinBalanceV2/Preview Content\"";
				DEVELOPMENT_TEAM = 2KK23FK97D;
				ENABLE_PREVIEWS = YES;
				GENERATE_INFOPLIST_FILE = YES;
				INFOPLIST_KEY_UIApplicationSceneManifest_Generation = YES;
				INFOPLIST_KEY_UIApplicationSupportsIndirectInputEvents = YES;
				INFOPLIST_KEY_UILaunchScreen_Generation = YES;
				INFOPLIST_KEY_UISupportedInterfaceOrientations_iPad = "UIInterfaceOrientationPortrait UIInterfaceOrientationPortraitUpsideDown UIInterfaceOrientationLandscapeLeft UIInterfaceOrientationLandscapeRight";
				INFOPLIST_KEY_UISupportedInterfaceOrientations_iPhone = "UIInterfaceOrientationPortrait UIInterfaceOrientationLandscapeLeft UIInterfaceOrientationLandscapeRight";
				LD_RUNPATH_SEARCH_PATHS = (
					"$(inherited)",
					"@executable_path/Frameworks",
				);
				MARKETING_VERSION = 1.0;
				PRODUCT_BUNDLE_IDENTIFIER = CS3203.PawinBalanceV2;
				PRODUCT_NAME = "$(TARGET_NAME)";
				SWIFT_EMIT_LOC_STRINGS = YES;
				SWIFT_VERSION = 5.0;
				TARGETED_DEVICE_FAMILY = "1,2";
			};
			name = Release;
		};
		9243BB552B067DD200961F89 /* Debug */ = {
			isa = XCBuildConfiguration;
			buildSettings = {
				ALWAYS_EMBED_SWIFT_STANDARD_LIBRARIES = YES;
				BUNDLE_LOADER = "$(TEST_HOST)";
				CODE_SIGN_STYLE = Automatic;
				CURRENT_PROJECT_VERSION = 1;
				DEVELOPMENT_TEAM = 2KK23FK97D;
				GENERATE_INFOPLIST_FILE = YES;
				IPHONEOS_DEPLOYMENT_TARGET = 17.0;
				MARKETING_VERSION = 1.0;
				PRODUCT_BUNDLE_IDENTIFIER = CS3203.PawinBalanceV2Tests;
				PRODUCT_NAME = "$(TARGET_NAME)";
				SWIFT_EMIT_LOC_STRINGS = NO;
				SWIFT_VERSION = 5.0;
				TARGETED_DEVICE_FAMILY = "1,2";
				TEST_HOST = "$(BUILT_PRODUCTS_DIR)/PawinBalanceV2.app/$(BUNDLE_EXECUTABLE_FOLDER_PATH)/PawinBalanceV2";
			};
			name = Debug;
		};
		9243BB562B067DD200961F89 /* Release */ = {
			isa = XCBuildConfiguration;
			buildSettings = {
				ALWAYS_EMBED_SWIFT_STANDARD_LIBRARIES = YES;
				BUNDLE_LOADER = "$(TEST_HOST)";
				CODE_SIGN_STYLE = Automatic;
				CURRENT_PROJECT_VERSION = 1;
				DEVELOPMENT_TEAM = 2KK23FK97D;
				GENERATE_INFOPLIST_FILE = YES;
				IPHONEOS_DEPLOYMENT_TARGET = 17.0;
				MARKETING_VERSION = 1.0;
				PRODUCT_BUNDLE_IDENTIFIER = CS3203.PawinBalanceV2Tests;
				PRODUCT_NAME = "$(TARGET_NAME)";
				SWIFT_EMIT_LOC_STRINGS = NO;
				SWIFT_VERSION = 5.0;
				TARGETED_DEVICE_FAMILY = "1,2";
				TEST_HOST = "$(BUILT_PRODUCTS_DIR)/PawinBalanceV2.app/$(BUNDLE_EXECUTABLE_FOLDER_PATH)/PawinBalanceV2";
			};
			name = Release;
		};
		9243BB582B067DD200961F89 /* Debug */ = {
			isa = XCBuildConfiguration;
			buildSettings = {
				ALWAYS_EMBED_SWIFT_STANDARD_LIBRARIES = YES;
				CODE_SIGN_STYLE = Automatic;
				CURRENT_PROJECT_VERSION = 1;
				DEVELOPMENT_TEAM = 2KK23FK97D;
				GENERATE_INFOPLIST_FILE = YES;
				MARKETING_VERSION = 1.0;
				PRODUCT_BUNDLE_IDENTIFIER = CS3203.PawinBalanceV2UITests;
				PRODUCT_NAME = "$(TARGET_NAME)";
				SWIFT_EMIT_LOC_STRINGS = NO;
				SWIFT_VERSION = 5.0;
				TARGETED_DEVICE_FAMILY = "1,2";
				TEST_TARGET_NAME = PawinBalanceV2;
			};
			name = Debug;
		};
		9243BB592B067DD200961F89 /* Release */ = {
			isa = XCBuildConfiguration;
			buildSettings = {
				ALWAYS_EMBED_SWIFT_STANDARD_LIBRARIES = YES;
				CODE_SIGN_STYLE = Automatic;
				CURRENT_PROJECT_VERSION = 1;
				DEVELOPMENT_TEAM = 2KK23FK97D;
				GENERATE_INFOPLIST_FILE = YES;
				MARKETING_VERSION = 1.0;
				PRODUCT_BUNDLE_IDENTIFIER = CS3203.PawinBalanceV2UITests;
				PRODUCT_NAME = "$(TARGET_NAME)";
				SWIFT_EMIT_LOC_STRINGS = NO;
				SWIFT_VERSION = 5.0;
				TARGETED_DEVICE_FAMILY = "1,2";
				TEST_TARGET_NAME = PawinBalanceV2;
			};
			name = Release;
		};
/* End XCBuildConfiguration section */

/* Begin XCConfigurationList section */
		9243BB262B067DD100961F89 /* Build configuration list for PBXProject "PawinBalanceV2" */ = {
			isa = XCConfigurationList;
			buildConfigurations = (
				9243BB4F2B067DD200961F89 /* Debug */,
				9243BB502B067DD200961F89 /* Release */,
			);
			defaultConfigurationIsVisible = 0;
			defaultConfigurationName = Release;
		};
		9243BB512B067DD200961F89 /* Build configuration list for PBXNativeTarget "PawinBalanceV2" */ = {
			isa = XCConfigurationList;
			buildConfigurations = (
				9243BB522B067DD200961F89 /* Debug */,
				9243BB532B067DD200961F89 /* Release */,
			);
			defaultConfigurationIsVisible = 0;
			defaultConfigurationName = Release;
		};
		9243BB542B067DD200961F89 /* Build configuration list for PBXNativeTarget "PawinBalanceV2Tests" */ = {
			isa = XCConfigurationList;
			buildConfigurations = (
				9243BB552B067DD200961F89 /* Debug */,
				9243BB562B067DD200961F89 /* Release */,
			);
			defaultConfigurationIsVisible = 0;
			defaultConfigurationName = Release;
		};
		9243BB572B067DD200961F89 /* Build configuration list for PBXNativeTarget "PawinBalanceV2UITests" */ = {
			isa = XCConfigurationList;
			buildConfigurations = (
				9243BB582B067DD200961F89 /* Debug */,
				9243BB592B067DD200961F89 /* Release */,
			);
			defaultConfigurationIsVisible = 0;
			defaultConfigurationName = Release;
		};
/* End XCConfigurationList section */
	};
	rootObject = 9243BB232B067DD100961F89 /* Project object */;
}
