// !$*UTF8*$!
{
	archiveVersion = 1;
	classes = {
	};
	objectVersion = 56;
	objects = {

/* Begin PBXBuildFile section */
		9243BB152B05771E00961F89 /* AuthViewModel.swift in Sources */ = {isa = PBXBuildFile; fileRef = 9243BB142B05771E00961F89 /* AuthViewModel.swift */; };
		9243BB1E2B0578D400961F89 /* GoogleSignIn in Frameworks */ = {isa = PBXBuildFile; productRef = 9243BB1D2B0578D400961F89 /* GoogleSignIn */; };
		9243BB202B0578D400961F89 /* GoogleSignInSwift in Frameworks */ = {isa = PBXBuildFile; productRef = 9243BB1F2B0578D400961F89 /* GoogleSignInSwift */; };
		92CA66DA2B0533A8007ABF65 /* FirebaseAnalytics in Frameworks */ = {isa = PBXBuildFile; productRef = 92CA66D92B0533A8007ABF65 /* FirebaseAnalytics */; };
		92CA66DC2B0533A8007ABF65 /* FirebaseAnalyticsOnDeviceConversion in Frameworks */ = {isa = PBXBuildFile; productRef = 92CA66DB2B0533A8007ABF65 /* FirebaseAnalyticsOnDeviceConversion */; };
		92CA66DE2B0533A8007ABF65 /* FirebaseAnalyticsSwift in Frameworks */ = {isa = PBXBuildFile; productRef = 92CA66DD2B0533A8007ABF65 /* FirebaseAnalyticsSwift */; };
		92CA66E02B0533A8007ABF65 /* FirebaseAnalyticsWithoutAdIdSupport in Frameworks */ = {isa = PBXBuildFile; productRef = 92CA66DF2B0533A8007ABF65 /* FirebaseAnalyticsWithoutAdIdSupport */; };
		92CA66E22B0533A8007ABF65 /* FirebaseAppCheck in Frameworks */ = {isa = PBXBuildFile; productRef = 92CA66E12B0533A8007ABF65 /* FirebaseAppCheck */; };
		92CA66E42B0533A8007ABF65 /* FirebaseAuth in Frameworks */ = {isa = PBXBuildFile; productRef = 92CA66E32B0533A8007ABF65 /* FirebaseAuth */; };
		92CA66E62B0533A8007ABF65 /* FirebaseAuthCombine-Community in Frameworks */ = {isa = PBXBuildFile; productRef = 92CA66E52B0533A8007ABF65 /* FirebaseAuthCombine-Community */; };
		92CA66E82B0533A8007ABF65 /* FirebaseDatabase in Frameworks */ = {isa = PBXBuildFile; productRef = 92CA66E72B0533A8007ABF65 /* FirebaseDatabase */; };
		92CA66EA2B0533A8007ABF65 /* FirebaseDatabaseSwift in Frameworks */ = {isa = PBXBuildFile; productRef = 92CA66E92B0533A8007ABF65 /* FirebaseDatabaseSwift */; };
		92CA66EC2B0533A8007ABF65 /* FirebaseFirestore in Frameworks */ = {isa = PBXBuildFile; productRef = 92CA66EB2B0533A8007ABF65 /* FirebaseFirestore */; };
		92CA66EE2B0533A8007ABF65 /* FirebaseFirestoreSwift in Frameworks */ = {isa = PBXBuildFile; productRef = 92CA66ED2B0533A8007ABF65 /* FirebaseFirestoreSwift */; };
		92CA66F02B0533A8007ABF65 /* FirebaseStorage in Frameworks */ = {isa = PBXBuildFile; productRef = 92CA66EF2B0533A8007ABF65 /* FirebaseStorage */; };
		92CA66F22B0533A8007ABF65 /* FirebaseStorageCombine-Community in Frameworks */ = {isa = PBXBuildFile; productRef = 92CA66F12B0533A8007ABF65 /* FirebaseStorageCombine-Community */; };
		92EC3E9C2AE0673F004B4BCC /* Paws_in_BalanceApp.swift in Sources */ = {isa = PBXBuildFile; fileRef = 92EC3E9B2AE0673F004B4BCC /* Paws_in_BalanceApp.swift */; };
		92EC3E9E2AE06740004B4BCC /* ContentView.swift in Sources */ = {isa = PBXBuildFile; fileRef = 92EC3E9D2AE06740004B4BCC /* ContentView.swift */; };
		92EC3EA02AE06740004B4BCC /* Assets.xcassets in Resources */ = {isa = PBXBuildFile; fileRef = 92EC3E9F2AE06740004B4BCC /* Assets.xcassets */; };
		92EC3EA32AE06740004B4BCC /* Preview Assets.xcassets in Resources */ = {isa = PBXBuildFile; fileRef = 92EC3EA22AE06740004B4BCC /* Preview Assets.xcassets */; };
		92EC3EB22AE06741004B4BCC /* Paws_in_BalanceTests.swift in Sources */ = {isa = PBXBuildFile; fileRef = 92EC3EB12AE06741004B4BCC /* Paws_in_BalanceTests.swift */; };
		92EC3EBC2AE06741004B4BCC /* Paws_in_BalanceUITests.swift in Sources */ = {isa = PBXBuildFile; fileRef = 92EC3EBB2AE06741004B4BCC /* Paws_in_BalanceUITests.swift */; };
		92EC3EBE2AE06741004B4BCC /* Paws_in_BalanceUITestsLaunchTests.swift in Sources */ = {isa = PBXBuildFile; fileRef = 92EC3EBD2AE06741004B4BCC /* Paws_in_BalanceUITestsLaunchTests.swift */; };
/* End PBXBuildFile section */

/* Begin PBXContainerItemProxy section */
		92EC3EAE2AE06741004B4BCC /* PBXContainerItemProxy */ = {
			isa = PBXContainerItemProxy;
			containerPortal = 92EC3E902AE0673F004B4BCC /* Project object */;
			proxyType = 1;
			remoteGlobalIDString = 92EC3E972AE0673F004B4BCC;
			remoteInfo = "Paws in Balance";
		};
		92EC3EB82AE06741004B4BCC /* PBXContainerItemProxy */ = {
			isa = PBXContainerItemProxy;
			containerPortal = 92EC3E902AE0673F004B4BCC /* Project object */;
			proxyType = 1;
			remoteGlobalIDString = 92EC3E972AE0673F004B4BCC;
			remoteInfo = "Paws in Balance";
		};
/* End PBXContainerItemProxy section */

/* Begin PBXFileReference section */
		9243BB0E2B05719700961F89 /* GoogleService-Info.plist */ = {isa = PBXFileReference; lastKnownFileType = text.plist.xml; path = "GoogleService-Info.plist"; sourceTree = "<group>"; };
		9243BB142B05771E00961F89 /* AuthViewModel.swift */ = {isa = PBXFileReference; lastKnownFileType = sourcecode.swift; path = AuthViewModel.swift; sourceTree = "<group>"; };
		9243BB212B067A2F00961F89 /* Paws-in-Balance-Info.plist */ = {isa = PBXFileReference; lastKnownFileType = text.plist; path = "Paws-in-Balance-Info.plist"; sourceTree = SOURCE_ROOT; };
		92EC3E982AE0673F004B4BCC /* Paws in Balance.app */ = {isa = PBXFileReference; explicitFileType = wrapper.application; includeInIndex = 0; path = "Paws in Balance.app"; sourceTree = BUILT_PRODUCTS_DIR; };
		92EC3E9B2AE0673F004B4BCC /* Paws_in_BalanceApp.swift */ = {isa = PBXFileReference; lastKnownFileType = sourcecode.swift; path = Paws_in_BalanceApp.swift; sourceTree = "<group>"; };
		92EC3E9D2AE06740004B4BCC /* ContentView.swift */ = {isa = PBXFileReference; lastKnownFileType = sourcecode.swift; path = ContentView.swift; sourceTree = "<group>"; };
		92EC3E9F2AE06740004B4BCC /* Assets.xcassets */ = {isa = PBXFileReference; lastKnownFileType = folder.assetcatalog; path = Assets.xcassets; sourceTree = "<group>"; };
		92EC3EA22AE06740004B4BCC /* Preview Assets.xcassets */ = {isa = PBXFileReference; lastKnownFileType = folder.assetcatalog; path = "Preview Assets.xcassets"; sourceTree = "<group>"; };
		92EC3EAD2AE06741004B4BCC /* Paws in BalanceTests.xctest */ = {isa = PBXFileReference; explicitFileType = wrapper.cfbundle; includeInIndex = 0; path = "Paws in BalanceTests.xctest"; sourceTree = BUILT_PRODUCTS_DIR; };
		92EC3EB12AE06741004B4BCC /* Paws_in_BalanceTests.swift */ = {isa = PBXFileReference; lastKnownFileType = sourcecode.swift; path = Paws_in_BalanceTests.swift; sourceTree = "<group>"; };
		92EC3EB72AE06741004B4BCC /* Paws in BalanceUITests.xctest */ = {isa = PBXFileReference; explicitFileType = wrapper.cfbundle; includeInIndex = 0; path = "Paws in BalanceUITests.xctest"; sourceTree = BUILT_PRODUCTS_DIR; };
		92EC3EBB2AE06741004B4BCC /* Paws_in_BalanceUITests.swift */ = {isa = PBXFileReference; lastKnownFileType = sourcecode.swift; path = Paws_in_BalanceUITests.swift; sourceTree = "<group>"; };
		92EC3EBD2AE06741004B4BCC /* Paws_in_BalanceUITestsLaunchTests.swift */ = {isa = PBXFileReference; lastKnownFileType = sourcecode.swift; path = Paws_in_BalanceUITestsLaunchTests.swift; sourceTree = "<group>"; };
/* End PBXFileReference section */

/* Begin PBXFrameworksBuildPhase section */
		92EC3E952AE0673F004B4BCC /* Frameworks */ = {
			isa = PBXFrameworksBuildPhase;
			buildActionMask = 2147483647;
			files = (
				9243BB202B0578D400961F89 /* GoogleSignInSwift in Frameworks */,
				92CA66DE2B0533A8007ABF65 /* FirebaseAnalyticsSwift in Frameworks */,
				92CA66E42B0533A8007ABF65 /* FirebaseAuth in Frameworks */,
				92CA66DA2B0533A8007ABF65 /* FirebaseAnalytics in Frameworks */,
				92CA66F22B0533A8007ABF65 /* FirebaseStorageCombine-Community in Frameworks */,
				92CA66EC2B0533A8007ABF65 /* FirebaseFirestore in Frameworks */,
				92CA66EA2B0533A8007ABF65 /* FirebaseDatabaseSwift in Frameworks */,
				92CA66F02B0533A8007ABF65 /* FirebaseStorage in Frameworks */,
				92CA66EE2B0533A8007ABF65 /* FirebaseFirestoreSwift in Frameworks */,
				92CA66DC2B0533A8007ABF65 /* FirebaseAnalyticsOnDeviceConversion in Frameworks */,
				92CA66E22B0533A8007ABF65 /* FirebaseAppCheck in Frameworks */,
				92CA66E62B0533A8007ABF65 /* FirebaseAuthCombine-Community in Frameworks */,
				92CA66E82B0533A8007ABF65 /* FirebaseDatabase in Frameworks */,
				92CA66E02B0533A8007ABF65 /* FirebaseAnalyticsWithoutAdIdSupport in Frameworks */,
				9243BB1E2B0578D400961F89 /* GoogleSignIn in Frameworks */,
			);
			runOnlyForDeploymentPostprocessing = 0;
		};
		92EC3EAA2AE06741004B4BCC /* Frameworks */ = {
			isa = PBXFrameworksBuildPhase;
			buildActionMask = 2147483647;
			files = (
			);
			runOnlyForDeploymentPostprocessing = 0;
		};
		92EC3EB42AE06741004B4BCC /* Frameworks */ = {
			isa = PBXFrameworksBuildPhase;
			buildActionMask = 2147483647;
			files = (
			);
			runOnlyForDeploymentPostprocessing = 0;
		};
/* End PBXFrameworksBuildPhase section */

/* Begin PBXGroup section */
		92EC3E8F2AE0673F004B4BCC = {
			isa = PBXGroup;
			children = (
				92EC3E9A2AE0673F004B4BCC /* Paws in Balance */,
				92EC3EB02AE06741004B4BCC /* Paws in BalanceTests */,
				92EC3EBA2AE06741004B4BCC /* Paws in BalanceUITests */,
				92EC3E992AE0673F004B4BCC /* Products */,
			);
			sourceTree = "<group>";
		};
		92EC3E992AE0673F004B4BCC /* Products */ = {
			isa = PBXGroup;
			children = (
				92EC3E982AE0673F004B4BCC /* Paws in Balance.app */,
				92EC3EAD2AE06741004B4BCC /* Paws in BalanceTests.xctest */,
				92EC3EB72AE06741004B4BCC /* Paws in BalanceUITests.xctest */,
			);
			name = Products;
			sourceTree = "<group>";
		};
		92EC3E9A2AE0673F004B4BCC /* Paws in Balance */ = {
			isa = PBXGroup;
			children = (
				9243BB212B067A2F00961F89 /* Paws-in-Balance-Info.plist */,
				92EC3E9B2AE0673F004B4BCC /* Paws_in_BalanceApp.swift */,
				92EC3E9D2AE06740004B4BCC /* ContentView.swift */,
				9243BB142B05771E00961F89 /* AuthViewModel.swift */,
				9243BB0E2B05719700961F89 /* GoogleService-Info.plist */,
				92EC3E9F2AE06740004B4BCC /* Assets.xcassets */,
				92EC3EA12AE06740004B4BCC /* Preview Content */,
			);
			path = "Paws in Balance";
			sourceTree = "<group>";
		};
		92EC3EA12AE06740004B4BCC /* Preview Content */ = {
			isa = PBXGroup;
			children = (
				92EC3EA22AE06740004B4BCC /* Preview Assets.xcassets */,
			);
			path = "Preview Content";
			sourceTree = "<group>";
		};
		92EC3EB02AE06741004B4BCC /* Paws in BalanceTests */ = {
			isa = PBXGroup;
			children = (
				92EC3EB12AE06741004B4BCC /* Paws_in_BalanceTests.swift */,
			);
			path = "Paws in BalanceTests";
			sourceTree = "<group>";
		};
		92EC3EBA2AE06741004B4BCC /* Paws in BalanceUITests */ = {
			isa = PBXGroup;
			children = (
				92EC3EBB2AE06741004B4BCC /* Paws_in_BalanceUITests.swift */,
				92EC3EBD2AE06741004B4BCC /* Paws_in_BalanceUITestsLaunchTests.swift */,
			);
			path = "Paws in BalanceUITests";
			sourceTree = "<group>";
		};
/* End PBXGroup section */

/* Begin PBXNativeTarget section */
		92EC3E972AE0673F004B4BCC /* Paws in Balance */ = {
			isa = PBXNativeTarget;
			buildConfigurationList = 92EC3EC12AE06741004B4BCC /* Build configuration list for PBXNativeTarget "Paws in Balance" */;
			buildPhases = (
				92EC3E942AE0673F004B4BCC /* Sources */,
				92EC3E952AE0673F004B4BCC /* Frameworks */,
				92EC3E962AE0673F004B4BCC /* Resources */,
			);
			buildRules = (
			);
			dependencies = (
			);
			name = "Paws in Balance";
			packageProductDependencies = (
				92CA66D92B0533A8007ABF65 /* FirebaseAnalytics */,
				92CA66DB2B0533A8007ABF65 /* FirebaseAnalyticsOnDeviceConversion */,
				92CA66DD2B0533A8007ABF65 /* FirebaseAnalyticsSwift */,
				92CA66DF2B0533A8007ABF65 /* FirebaseAnalyticsWithoutAdIdSupport */,
				92CA66E12B0533A8007ABF65 /* FirebaseAppCheck */,
				92CA66E32B0533A8007ABF65 /* FirebaseAuth */,
				92CA66E52B0533A8007ABF65 /* FirebaseAuthCombine-Community */,
				92CA66E72B0533A8007ABF65 /* FirebaseDatabase */,
				92CA66E92B0533A8007ABF65 /* FirebaseDatabaseSwift */,
				92CA66EB2B0533A8007ABF65 /* FirebaseFirestore */,
				92CA66ED2B0533A8007ABF65 /* FirebaseFirestoreSwift */,
				92CA66EF2B0533A8007ABF65 /* FirebaseStorage */,
				92CA66F12B0533A8007ABF65 /* FirebaseStorageCombine-Community */,
				9243BB1D2B0578D400961F89 /* GoogleSignIn */,
				9243BB1F2B0578D400961F89 /* GoogleSignInSwift */,
			);
			productName = "Paws in Balance";
			productReference = 92EC3E982AE0673F004B4BCC /* Paws in Balance.app */;
			productType = "com.apple.product-type.application";
		};
		92EC3EAC2AE06741004B4BCC /* Paws in BalanceTests */ = {
			isa = PBXNativeTarget;
			buildConfigurationList = 92EC3EC42AE06741004B4BCC /* Build configuration list for PBXNativeTarget "Paws in BalanceTests" */;
			buildPhases = (
				92EC3EA92AE06741004B4BCC /* Sources */,
				92EC3EAA2AE06741004B4BCC /* Frameworks */,
				92EC3EAB2AE06741004B4BCC /* Resources */,
			);
			buildRules = (
			);
			dependencies = (
				92EC3EAF2AE06741004B4BCC /* PBXTargetDependency */,
			);
			name = "Paws in BalanceTests";
			productName = "Paws in BalanceTests";
			productReference = 92EC3EAD2AE06741004B4BCC /* Paws in BalanceTests.xctest */;
			productType = "com.apple.product-type.bundle.unit-test";
		};
		92EC3EB62AE06741004B4BCC /* Paws in BalanceUITests */ = {
			isa = PBXNativeTarget;
			buildConfigurationList = 92EC3EC72AE06741004B4BCC /* Build configuration list for PBXNativeTarget "Paws in BalanceUITests" */;
			buildPhases = (
				92EC3EB32AE06741004B4BCC /* Sources */,
				92EC3EB42AE06741004B4BCC /* Frameworks */,
				92EC3EB52AE06741004B4BCC /* Resources */,
			);
			buildRules = (
			);
			dependencies = (
				92EC3EB92AE06741004B4BCC /* PBXTargetDependency */,
			);
			name = "Paws in BalanceUITests";
			productName = "Paws in BalanceUITests";
			productReference = 92EC3EB72AE06741004B4BCC /* Paws in BalanceUITests.xctest */;
			productType = "com.apple.product-type.bundle.ui-testing";
		};
/* End PBXNativeTarget section */

/* Begin PBXProject section */
		92EC3E902AE0673F004B4BCC /* Project object */ = {
			isa = PBXProject;
			attributes = {
				BuildIndependentTargetsInParallel = 1;
				LastSwiftUpdateCheck = 1430;
				LastUpgradeCheck = 1430;
				TargetAttributes = {
					92EC3E972AE0673F004B4BCC = {
						CreatedOnToolsVersion = 14.3.1;
					};
					92EC3EAC2AE06741004B4BCC = {
						CreatedOnToolsVersion = 14.3.1;
						TestTargetID = 92EC3E972AE0673F004B4BCC;
					};
					92EC3EB62AE06741004B4BCC = {
						CreatedOnToolsVersion = 14.3.1;
						TestTargetID = 92EC3E972AE0673F004B4BCC;
					};
				};
			};
			buildConfigurationList = 92EC3E932AE0673F004B4BCC /* Build configuration list for PBXProject "Paws in Balance" */;
			compatibilityVersion = "Xcode 14.0";
			developmentRegion = en;
			hasScannedForEncodings = 0;
			knownRegions = (
				en,
				Base,
			);
			mainGroup = 92EC3E8F2AE0673F004B4BCC;
			packageReferences = (
				92CA66D82B0531F7007ABF65 /* XCRemoteSwiftPackageReference "firebase-ios-sdk" */,
				9243BB1C2B0578D400961F89 /* XCRemoteSwiftPackageReference "GoogleSignIn-iOS" */,
			);
			productRefGroup = 92EC3E992AE0673F004B4BCC /* Products */;
			projectDirPath = "";
			projectRoot = "";
			targets = (
				92EC3E972AE0673F004B4BCC /* Paws in Balance */,
				92EC3EAC2AE06741004B4BCC /* Paws in BalanceTests */,
				92EC3EB62AE06741004B4BCC /* Paws in BalanceUITests */,
			);
		};
/* End PBXProject section */

/* Begin PBXResourcesBuildPhase section */
		92EC3E962AE0673F004B4BCC /* Resources */ = {
			isa = PBXResourcesBuildPhase;
			buildActionMask = 2147483647;
			files = (
				92EC3EA32AE06740004B4BCC /* Preview Assets.xcassets in Resources */,
				92EC3EA02AE06740004B4BCC /* Assets.xcassets in Resources */,
			);
			runOnlyForDeploymentPostprocessing = 0;
		};
		92EC3EAB2AE06741004B4BCC /* Resources */ = {
			isa = PBXResourcesBuildPhase;
			buildActionMask = 2147483647;
			files = (
			);
			runOnlyForDeploymentPostprocessing = 0;
		};
		92EC3EB52AE06741004B4BCC /* Resources */ = {
			isa = PBXResourcesBuildPhase;
			buildActionMask = 2147483647;
			files = (
			);
			runOnlyForDeploymentPostprocessing = 0;
		};
/* End PBXResourcesBuildPhase section */

/* Begin PBXSourcesBuildPhase section */
		92EC3E942AE0673F004B4BCC /* Sources */ = {
			isa = PBXSourcesBuildPhase;
			buildActionMask = 2147483647;
			files = (
				9243BB152B05771E00961F89 /* AuthViewModel.swift in Sources */,
				92EC3E9E2AE06740004B4BCC /* ContentView.swift in Sources */,
				92EC3E9C2AE0673F004B4BCC /* Paws_in_BalanceApp.swift in Sources */,
			);
			runOnlyForDeploymentPostprocessing = 0;
		};
		92EC3EA92AE06741004B4BCC /* Sources */ = {
			isa = PBXSourcesBuildPhase;
			buildActionMask = 2147483647;
			files = (
				92EC3EB22AE06741004B4BCC /* Paws_in_BalanceTests.swift in Sources */,
			);
			runOnlyForDeploymentPostprocessing = 0;
		};
		92EC3EB32AE06741004B4BCC /* Sources */ = {
			isa = PBXSourcesBuildPhase;
			buildActionMask = 2147483647;
			files = (
				92EC3EBC2AE06741004B4BCC /* Paws_in_BalanceUITests.swift in Sources */,
				92EC3EBE2AE06741004B4BCC /* Paws_in_BalanceUITestsLaunchTests.swift in Sources */,
			);
			runOnlyForDeploymentPostprocessing = 0;
		};
/* End PBXSourcesBuildPhase section */

/* Begin PBXTargetDependency section */
		92EC3EAF2AE06741004B4BCC /* PBXTargetDependency */ = {
			isa = PBXTargetDependency;
			target = 92EC3E972AE0673F004B4BCC /* Paws in Balance */;
			targetProxy = 92EC3EAE2AE06741004B4BCC /* PBXContainerItemProxy */;
		};
		92EC3EB92AE06741004B4BCC /* PBXTargetDependency */ = {
			isa = PBXTargetDependency;
			target = 92EC3E972AE0673F004B4BCC /* Paws in Balance */;
			targetProxy = 92EC3EB82AE06741004B4BCC /* PBXContainerItemProxy */;
		};
/* End PBXTargetDependency section */

/* Begin XCBuildConfiguration section */
		92EC3EBF2AE06741004B4BCC /* Debug */ = {
			isa = XCBuildConfiguration;
			buildSettings = {
				ALWAYS_SEARCH_USER_PATHS = NO;
				CLANG_ANALYZER_NONNULL = YES;
				CLANG_ANALYZER_NUMBER_OBJECT_CONVERSION = YES_AGGRESSIVE;
				CLANG_CXX_LANGUAGE_STANDARD = "gnu++20";
				CLANG_ENABLE_MODULES = YES;
				CLANG_ENABLE_OBJC_ARC = YES;
				CLANG_ENABLE_OBJC_WEAK = YES;
				CLANG_WARN_BLOCK_CAPTURE_AUTORELEASING = YES;
				CLANG_WARN_BOOL_CONVERSION = YES;
				CLANG_WARN_COMMA = YES;
				CLANG_WARN_CONSTANT_CONVERSION = YES;
				CLANG_WARN_DEPRECATED_OBJC_IMPLEMENTATIONS = YES;
				CLANG_WARN_DIRECT_OBJC_ISA_USAGE = YES_ERROR;
				CLANG_WARN_DOCUMENTATION_COMMENTS = YES;
				CLANG_WARN_EMPTY_BODY = YES;
				CLANG_WARN_ENUM_CONVERSION = YES;
				CLANG_WARN_INFINITE_RECURSION = YES;
				CLANG_WARN_INT_CONVERSION = YES;
				CLANG_WARN_NON_LITERAL_NULL_CONVERSION = YES;
				CLANG_WARN_OBJC_IMPLICIT_RETAIN_SELF = YES;
				CLANG_WARN_OBJC_LITERAL_CONVERSION = YES;
				CLANG_WARN_OBJC_ROOT_CLASS = YES_ERROR;
				CLANG_WARN_QUOTED_INCLUDE_IN_FRAMEWORK_HEADER = YES;
				CLANG_WARN_RANGE_LOOP_ANALYSIS = YES;
				CLANG_WARN_STRICT_PROTOTYPES = YES;
				CLANG_WARN_SUSPICIOUS_MOVE = YES;
				CLANG_WARN_UNGUARDED_AVAILABILITY = YES_AGGRESSIVE;
				CLANG_WARN_UNREACHABLE_CODE = YES;
				CLANG_WARN__DUPLICATE_METHOD_MATCH = YES;
				COPY_PHASE_STRIP = NO;
				DEBUG_INFORMATION_FORMAT = dwarf;
				ENABLE_STRICT_OBJC_MSGSEND = YES;
				ENABLE_TESTABILITY = YES;
				GCC_C_LANGUAGE_STANDARD = gnu11;
				GCC_DYNAMIC_NO_PIC = NO;
				GCC_NO_COMMON_BLOCKS = YES;
				GCC_OPTIMIZATION_LEVEL = 0;
				GCC_PREPROCESSOR_DEFINITIONS = (
					"DEBUG=1",
					"$(inherited)",
				);
				GCC_WARN_64_TO_32_BIT_CONVERSION = YES;
				GCC_WARN_ABOUT_RETURN_TYPE = YES_ERROR;
				GCC_WARN_UNDECLARED_SELECTOR = YES;
				GCC_WARN_UNINITIALIZED_AUTOS = YES_AGGRESSIVE;
				GCC_WARN_UNUSED_FUNCTION = YES;
				GCC_WARN_UNUSED_VARIABLE = YES;
				IPHONEOS_DEPLOYMENT_TARGET = 16.4;
				MTL_ENABLE_DEBUG_INFO = INCLUDE_SOURCE;
				MTL_FAST_MATH = YES;
				ONLY_ACTIVE_ARCH = YES;
				SDKROOT = iphoneos;
				SWIFT_ACTIVE_COMPILATION_CONDITIONS = DEBUG;
				SWIFT_OPTIMIZATION_LEVEL = "-Onone";
			};
			name = Debug;
		};
		92EC3EC02AE06741004B4BCC /* Release */ = {
			isa = XCBuildConfiguration;
			buildSettings = {
				ALWAYS_SEARCH_USER_PATHS = NO;
				CLANG_ANALYZER_NONNULL = YES;
				CLANG_ANALYZER_NUMBER_OBJECT_CONVERSION = YES_AGGRESSIVE;
				CLANG_CXX_LANGUAGE_STANDARD = "gnu++20";
				CLANG_ENABLE_MODULES = YES;
				CLANG_ENABLE_OBJC_ARC = YES;
				CLANG_ENABLE_OBJC_WEAK = YES;
				CLANG_WARN_BLOCK_CAPTURE_AUTORELEASING = YES;
				CLANG_WARN_BOOL_CONVERSION = YES;
				CLANG_WARN_COMMA = YES;
				CLANG_WARN_CONSTANT_CONVERSION = YES;
				CLANG_WARN_DEPRECATED_OBJC_IMPLEMENTATIONS = YES;
				CLANG_WARN_DIRECT_OBJC_ISA_USAGE = YES_ERROR;
				CLANG_WARN_DOCUMENTATION_COMMENTS = YES;
				CLANG_WARN_EMPTY_BODY = YES;
				CLANG_WARN_ENUM_CONVERSION = YES;
				CLANG_WARN_INFINITE_RECURSION = YES;
				CLANG_WARN_INT_CONVERSION = YES;
				CLANG_WARN_NON_LITERAL_NULL_CONVERSION = YES;
				CLANG_WARN_OBJC_IMPLICIT_RETAIN_SELF = YES;
				CLANG_WARN_OBJC_LITERAL_CONVERSION = YES;
				CLANG_WARN_OBJC_ROOT_CLASS = YES_ERROR;
				CLANG_WARN_QUOTED_INCLUDE_IN_FRAMEWORK_HEADER = YES;
				CLANG_WARN_RANGE_LOOP_ANALYSIS = YES;
				CLANG_WARN_STRICT_PROTOTYPES = YES;
				CLANG_WARN_SUSPICIOUS_MOVE = YES;
				CLANG_WARN_UNGUARDED_AVAILABILITY = YES_AGGRESSIVE;
				CLANG_WARN_UNREACHABLE_CODE = YES;
				CLANG_WARN__DUPLICATE_METHOD_MATCH = YES;
				COPY_PHASE_STRIP = NO;
				DEBUG_INFORMATION_FORMAT = "dwarf-with-dsym";
				ENABLE_NS_ASSERTIONS = NO;
				ENABLE_STRICT_OBJC_MSGSEND = YES;
				GCC_C_LANGUAGE_STANDARD = gnu11;
				GCC_NO_COMMON_BLOCKS = YES;
				GCC_WARN_64_TO_32_BIT_CONVERSION = YES;
				GCC_WARN_ABOUT_RETURN_TYPE = YES_ERROR;
				GCC_WARN_UNDECLARED_SELECTOR = YES;
				GCC_WARN_UNINITIALIZED_AUTOS = YES_AGGRESSIVE;
				GCC_WARN_UNUSED_FUNCTION = YES;
				GCC_WARN_UNUSED_VARIABLE = YES;
				IPHONEOS_DEPLOYMENT_TARGET = 16.4;
				MTL_ENABLE_DEBUG_INFO = NO;
				MTL_FAST_MATH = YES;
				SDKROOT = iphoneos;
				SWIFT_COMPILATION_MODE = wholemodule;
				SWIFT_OPTIMIZATION_LEVEL = "-O";
				VALIDATE_PRODUCT = YES;
			};
			name = Release;
		};
		92EC3EC22AE06741004B4BCC /* Debug */ = {
			isa = XCBuildConfiguration;
			buildSettings = {
				ASSETCATALOG_COMPILER_APPICON_NAME = AppIcon;
				ASSETCATALOG_COMPILER_GLOBAL_ACCENT_COLOR_NAME = AccentColor;
				CODE_SIGN_STYLE = Automatic;
				CURRENT_PROJECT_VERSION = 1;
				DEVELOPMENT_ASSET_PATHS = "\"Paws in Balance/Preview Content\"";
				DEVELOPMENT_TEAM = 2KK23FK97D;
				ENABLE_PREVIEWS = YES;
				GENERATE_INFOPLIST_FILE = YES;
				INFOPLIST_FILE = "Paws-in-Balance-Info.plist";
				INFOPLIST_KEY_UIApplicationSceneManifest_Generation = YES;
				INFOPLIST_KEY_UIApplicationSupportsIndirectInputEvents = YES;
				INFOPLIST_KEY_UILaunchScreen_Generation = YES;
				INFOPLIST_KEY_UISupportedInterfaceOrientations_iPad = "UIInterfaceOrientationPortrait UIInterfaceOrientationPortraitUpsideDown UIInterfaceOrientationLandscapeLeft UIInterfaceOrientationLandscapeRight";
				INFOPLIST_KEY_UISupportedInterfaceOrientations_iPhone = "UIInterfaceOrientationPortrait UIInterfaceOrientationLandscapeLeft UIInterfaceOrientationLandscapeRight";
				LD_RUNPATH_SEARCH_PATHS = (
					"$(inherited)",
					"@executable_path/Frameworks",
				);
				MARKETING_VERSION = 1.0;
				PRODUCT_BUNDLE_IDENTIFIER = "CS3203.Paws-in-Balance";
				PRODUCT_NAME = "$(TARGET_NAME)";
				SWIFT_EMIT_LOC_STRINGS = YES;
				SWIFT_VERSION = 5.0;
				TARGETED_DEVICE_FAMILY = "1,2";
			};
			name = Debug;
		};
		92EC3EC32AE06741004B4BCC /* Release */ = {
			isa = XCBuildConfiguration;
			buildSettings = {
				ASSETCATALOG_COMPILER_APPICON_NAME = AppIcon;
				ASSETCATALOG_COMPILER_GLOBAL_ACCENT_COLOR_NAME = AccentColor;
				CODE_SIGN_STYLE = Automatic;
				CURRENT_PROJECT_VERSION = 1;
				DEVELOPMENT_ASSET_PATHS = "\"Paws in Balance/Preview Content\"";
				DEVELOPMENT_TEAM = 2KK23FK97D;
				ENABLE_PREVIEWS = YES;
				GENERATE_INFOPLIST_FILE = YES;
				INFOPLIST_FILE = "Paws-in-Balance-Info.plist";
				INFOPLIST_KEY_UIApplicationSceneManifest_Generation = YES;
				INFOPLIST_KEY_UIApplicationSupportsIndirectInputEvents = YES;
				INFOPLIST_KEY_UILaunchScreen_Generation = YES;
				INFOPLIST_KEY_UISupportedInterfaceOrientations_iPad = "UIInterfaceOrientationPortrait UIInterfaceOrientationPortraitUpsideDown UIInterfaceOrientationLandscapeLeft UIInterfaceOrientationLandscapeRight";
				INFOPLIST_KEY_UISupportedInterfaceOrientations_iPhone = "UIInterfaceOrientationPortrait UIInterfaceOrientationLandscapeLeft UIInterfaceOrientationLandscapeRight";
				LD_RUNPATH_SEARCH_PATHS = (
					"$(inherited)",
					"@executable_path/Frameworks",
				);
				MARKETING_VERSION = 1.0;
				PRODUCT_BUNDLE_IDENTIFIER = "CS3203.Paws-in-Balance";
				PRODUCT_NAME = "$(TARGET_NAME)";
				SWIFT_EMIT_LOC_STRINGS = YES;
				SWIFT_VERSION = 5.0;
				TARGETED_DEVICE_FAMILY = "1,2";
			};
			name = Release;
		};
		92EC3EC52AE06741004B4BCC /* Debug */ = {
			isa = XCBuildConfiguration;
			buildSettings = {
				ALWAYS_EMBED_SWIFT_STANDARD_LIBRARIES = YES;
				BUNDLE_LOADER = "$(TEST_HOST)";
				CODE_SIGN_STYLE = Automatic;
				CURRENT_PROJECT_VERSION = 1;
				DEVELOPMENT_TEAM = 2KK23FK97D;
				GENERATE_INFOPLIST_FILE = YES;
				IPHONEOS_DEPLOYMENT_TARGET = 16.4;
				MARKETING_VERSION = 1.0;
				PRODUCT_BUNDLE_IDENTIFIER = "CS3203.Paws-in-BalanceTests";
				PRODUCT_NAME = "$(TARGET_NAME)";
				SWIFT_EMIT_LOC_STRINGS = NO;
				SWIFT_VERSION = 5.0;
				TARGETED_DEVICE_FAMILY = "1,2";
				TEST_HOST = "$(BUILT_PRODUCTS_DIR)/Paws in Balance.app/$(BUNDLE_EXECUTABLE_FOLDER_PATH)/Paws in Balance";
			};
			name = Debug;
		};
		92EC3EC62AE06741004B4BCC /* Release */ = {
			isa = XCBuildConfiguration;
			buildSettings = {
				ALWAYS_EMBED_SWIFT_STANDARD_LIBRARIES = YES;
				BUNDLE_LOADER = "$(TEST_HOST)";
				CODE_SIGN_STYLE = Automatic;
				CURRENT_PROJECT_VERSION = 1;
				DEVELOPMENT_TEAM = 2KK23FK97D;
				GENERATE_INFOPLIST_FILE = YES;
				IPHONEOS_DEPLOYMENT_TARGET = 16.4;
				MARKETING_VERSION = 1.0;
				PRODUCT_BUNDLE_IDENTIFIER = "CS3203.Paws-in-BalanceTests";
				PRODUCT_NAME = "$(TARGET_NAME)";
				SWIFT_EMIT_LOC_STRINGS = NO;
				SWIFT_VERSION = 5.0;
				TARGETED_DEVICE_FAMILY = "1,2";
				TEST_HOST = "$(BUILT_PRODUCTS_DIR)/Paws in Balance.app/$(BUNDLE_EXECUTABLE_FOLDER_PATH)/Paws in Balance";
			};
			name = Release;
		};
		92EC3EC82AE06741004B4BCC /* Debug */ = {
			isa = XCBuildConfiguration;
			buildSettings = {
				ALWAYS_EMBED_SWIFT_STANDARD_LIBRARIES = YES;
				CODE_SIGN_STYLE = Automatic;
				CURRENT_PROJECT_VERSION = 1;
				DEVELOPMENT_TEAM = 2KK23FK97D;
				GENERATE_INFOPLIST_FILE = YES;
				MARKETING_VERSION = 1.0;
				PRODUCT_BUNDLE_IDENTIFIER = "CS3203.Paws-in-BalanceUITests";
				PRODUCT_NAME = "$(TARGET_NAME)";
				SWIFT_EMIT_LOC_STRINGS = NO;
				SWIFT_VERSION = 5.0;
				TARGETED_DEVICE_FAMILY = "1,2";
				TEST_TARGET_NAME = "Paws in Balance";
			};
			name = Debug;
		};
		92EC3EC92AE06741004B4BCC /* Release */ = {
			isa = XCBuildConfiguration;
			buildSettings = {
				ALWAYS_EMBED_SWIFT_STANDARD_LIBRARIES = YES;
				CODE_SIGN_STYLE = Automatic;
				CURRENT_PROJECT_VERSION = 1;
				DEVELOPMENT_TEAM = 2KK23FK97D;
				GENERATE_INFOPLIST_FILE = YES;
				MARKETING_VERSION = 1.0;
				PRODUCT_BUNDLE_IDENTIFIER = "CS3203.Paws-in-BalanceUITests";
				PRODUCT_NAME = "$(TARGET_NAME)";
				SWIFT_EMIT_LOC_STRINGS = NO;
				SWIFT_VERSION = 5.0;
				TARGETED_DEVICE_FAMILY = "1,2";
				TEST_TARGET_NAME = "Paws in Balance";
			};
			name = Release;
		};
/* End XCBuildConfiguration section */

/* Begin XCConfigurationList section */
		92EC3E932AE0673F004B4BCC /* Build configuration list for PBXProject "Paws in Balance" */ = {
			isa = XCConfigurationList;
			buildConfigurations = (
				92EC3EBF2AE06741004B4BCC /* Debug */,
				92EC3EC02AE06741004B4BCC /* Release */,
			);
			defaultConfigurationIsVisible = 0;
			defaultConfigurationName = Release;
		};
		92EC3EC12AE06741004B4BCC /* Build configuration list for PBXNativeTarget "Paws in Balance" */ = {
			isa = XCConfigurationList;
			buildConfigurations = (
				92EC3EC22AE06741004B4BCC /* Debug */,
				92EC3EC32AE06741004B4BCC /* Release */,
			);
			defaultConfigurationIsVisible = 0;
			defaultConfigurationName = Release;
		};
		92EC3EC42AE06741004B4BCC /* Build configuration list for PBXNativeTarget "Paws in BalanceTests" */ = {
			isa = XCConfigurationList;
			buildConfigurations = (
				92EC3EC52AE06741004B4BCC /* Debug */,
				92EC3EC62AE06741004B4BCC /* Release */,
			);
			defaultConfigurationIsVisible = 0;
			defaultConfigurationName = Release;
		};
		92EC3EC72AE06741004B4BCC /* Build configuration list for PBXNativeTarget "Paws in BalanceUITests" */ = {
			isa = XCConfigurationList;
			buildConfigurations = (
				92EC3EC82AE06741004B4BCC /* Debug */,
				92EC3EC92AE06741004B4BCC /* Release */,
			);
			defaultConfigurationIsVisible = 0;
			defaultConfigurationName = Release;
		};
/* End XCConfigurationList section */

/* Begin XCRemoteSwiftPackageReference section */
		9243BB1C2B0578D400961F89 /* XCRemoteSwiftPackageReference "GoogleSignIn-iOS" */ = {
			isa = XCRemoteSwiftPackageReference;
			repositoryURL = "https://github.com/google/GoogleSignIn-iOS";
			requirement = {
				kind = upToNextMajorVersion;
				minimumVersion = 7.0.0;
			};
		};
		92CA66D82B0531F7007ABF65 /* XCRemoteSwiftPackageReference "firebase-ios-sdk" */ = {
			isa = XCRemoteSwiftPackageReference;
			repositoryURL = "https://github.com/firebase/firebase-ios-sdk";
			requirement = {
				kind = upToNextMajorVersion;
				minimumVersion = 10.18.0;
			};
		};
/* End XCRemoteSwiftPackageReference section */

/* Begin XCSwiftPackageProductDependency section */
		9243BB1D2B0578D400961F89 /* GoogleSignIn */ = {
			isa = XCSwiftPackageProductDependency;
			package = 9243BB1C2B0578D400961F89 /* XCRemoteSwiftPackageReference "GoogleSignIn-iOS" */;
			productName = GoogleSignIn;
		};
		9243BB1F2B0578D400961F89 /* GoogleSignInSwift */ = {
			isa = XCSwiftPackageProductDependency;
			package = 9243BB1C2B0578D400961F89 /* XCRemoteSwiftPackageReference "GoogleSignIn-iOS" */;
			productName = GoogleSignInSwift;
		};
		92CA66D92B0533A8007ABF65 /* FirebaseAnalytics */ = {
			isa = XCSwiftPackageProductDependency;
			package = 92CA66D82B0531F7007ABF65 /* XCRemoteSwiftPackageReference "firebase-ios-sdk" */;
			productName = FirebaseAnalytics;
		};
		92CA66DB2B0533A8007ABF65 /* FirebaseAnalyticsOnDeviceConversion */ = {
			isa = XCSwiftPackageProductDependency;
			package = 92CA66D82B0531F7007ABF65 /* XCRemoteSwiftPackageReference "firebase-ios-sdk" */;
			productName = FirebaseAnalyticsOnDeviceConversion;
		};
		92CA66DD2B0533A8007ABF65 /* FirebaseAnalyticsSwift */ = {
			isa = XCSwiftPackageProductDependency;
			package = 92CA66D82B0531F7007ABF65 /* XCRemoteSwiftPackageReference "firebase-ios-sdk" */;
			productName = FirebaseAnalyticsSwift;
		};
		92CA66DF2B0533A8007ABF65 /* FirebaseAnalyticsWithoutAdIdSupport */ = {
			isa = XCSwiftPackageProductDependency;
			package = 92CA66D82B0531F7007ABF65 /* XCRemoteSwiftPackageReference "firebase-ios-sdk" */;
			productName = FirebaseAnalyticsWithoutAdIdSupport;
		};
		92CA66E12B0533A8007ABF65 /* FirebaseAppCheck */ = {
			isa = XCSwiftPackageProductDependency;
			package = 92CA66D82B0531F7007ABF65 /* XCRemoteSwiftPackageReference "firebase-ios-sdk" */;
			productName = FirebaseAppCheck;
		};
		92CA66E32B0533A8007ABF65 /* FirebaseAuth */ = {
			isa = XCSwiftPackageProductDependency;
			package = 92CA66D82B0531F7007ABF65 /* XCRemoteSwiftPackageReference "firebase-ios-sdk" */;
			productName = FirebaseAuth;
		};
		92CA66E52B0533A8007ABF65 /* FirebaseAuthCombine-Community */ = {
			isa = XCSwiftPackageProductDependency;
			package = 92CA66D82B0531F7007ABF65 /* XCRemoteSwiftPackageReference "firebase-ios-sdk" */;
			productName = "FirebaseAuthCombine-Community";
		};
		92CA66E72B0533A8007ABF65 /* FirebaseDatabase */ = {
			isa = XCSwiftPackageProductDependency;
			package = 92CA66D82B0531F7007ABF65 /* XCRemoteSwiftPackageReference "firebase-ios-sdk" */;
			productName = FirebaseDatabase;
		};
		92CA66E92B0533A8007ABF65 /* FirebaseDatabaseSwift */ = {
			isa = XCSwiftPackageProductDependency;
			package = 92CA66D82B0531F7007ABF65 /* XCRemoteSwiftPackageReference "firebase-ios-sdk" */;
			productName = FirebaseDatabaseSwift;
		};
		92CA66EB2B0533A8007ABF65 /* FirebaseFirestore */ = {
			isa = XCSwiftPackageProductDependency;
			package = 92CA66D82B0531F7007ABF65 /* XCRemoteSwiftPackageReference "firebase-ios-sdk" */;
			productName = FirebaseFirestore;
		};
		92CA66ED2B0533A8007ABF65 /* FirebaseFirestoreSwift */ = {
			isa = XCSwiftPackageProductDependency;
			package = 92CA66D82B0531F7007ABF65 /* XCRemoteSwiftPackageReference "firebase-ios-sdk" */;
			productName = FirebaseFirestoreSwift;
		};
		92CA66EF2B0533A8007ABF65 /* FirebaseStorage */ = {
			isa = XCSwiftPackageProductDependency;
			package = 92CA66D82B0531F7007ABF65 /* XCRemoteSwiftPackageReference "firebase-ios-sdk" */;
			productName = FirebaseStorage;
		};
		92CA66F12B0533A8007ABF65 /* FirebaseStorageCombine-Community */ = {
			isa = XCSwiftPackageProductDependency;
			package = 92CA66D82B0531F7007ABF65 /* XCRemoteSwiftPackageReference "firebase-ios-sdk" */;
			productName = "FirebaseStorageCombine-Community";
		};
/* End XCSwiftPackageProductDependency section */
	};
	rootObject = 92EC3E902AE0673F004B4BCC /* Project object */;
}
